// !$*UTF8*$!
{
	archiveVersion = 1;
	classes = {
	};
	objectVersion = 52;
	objects = {

/* Begin PBXBuildFile section */
		6E9C6C9E2790075900B0A7F0 /* SceneDelegate.swift in Sources */ = {isa = PBXBuildFile; fileRef = 6E9C6C9D2790075900B0A7F0 /* SceneDelegate.swift */; };
		6E9C6CA32790075900B0A7F0 /* Main.storyboard in Resources */ = {isa = PBXBuildFile; fileRef = 6E9C6CA12790075900B0A7F0 /* Main.storyboard */; };
		6E9C6CA82790075A00B0A7F0 /* LaunchScreen.storyboard in Resources */ = {isa = PBXBuildFile; fileRef = 6E9C6CA62790075A00B0A7F0 /* LaunchScreen.storyboard */; };
		6E9C6CB4279009CB00B0A7F0 /* AssessmentDelegate.swift in Sources */ = {isa = PBXBuildFile; fileRef = 6E9C6CB3279009CB00B0A7F0 /* AssessmentDelegate.swift */; };
		6E9C6CBC27900A2600B0A7F0 /* WebService.swift in Sources */ = {isa = PBXBuildFile; fileRef = 6E9C6CBB27900A2600B0A7F0 /* WebService.swift */; };
		6E9C6CC027900A3300B0A7F0 /* APIRouter.swift in Sources */ = {isa = PBXBuildFile; fileRef = 6E9C6CBF27900A3300B0A7F0 /* APIRouter.swift */; };
		6E9C6CC527900EC300B0A7F0 /* Assets.xcassets in Resources */ = {isa = PBXBuildFile; fileRef = 6E9C6CC427900EC300B0A7F0 /* Assets.xcassets */; };
		6E9C6CC82790105400B0A7F0 /* APIRouter+Path.swift in Sources */ = {isa = PBXBuildFile; fileRef = 6E9C6CC72790105400B0A7F0 /* APIRouter+Path.swift */; };
		6E9C6CCB2790106D00B0A7F0 /* APIRouter+Extention.swift in Sources */ = {isa = PBXBuildFile; fileRef = 6E9C6CCA2790106D00B0A7F0 /* APIRouter+Extention.swift */; };
		6E9C6CD52790125E00B0A7F0 /* SearchViewModel.swift in Sources */ = {isa = PBXBuildFile; fileRef = 6E9C6CD42790125E00B0A7F0 /* SearchViewModel.swift */; };
		6E9C6CD9279012C200B0A7F0 /* SearchViewController.swift in Sources */ = {isa = PBXBuildFile; fileRef = 6E9C6CD8279012C200B0A7F0 /* SearchViewController.swift */; };
		6E9C6CDD2790164E00B0A7F0 /* SearchResult.swift in Sources */ = {isa = PBXBuildFile; fileRef = 6E9C6CDC2790164E00B0A7F0 /* SearchResult.swift */; };
		6E9C6CE32790185C00B0A7F0 /* GenericCodable.swift in Sources */ = {isa = PBXBuildFile; fileRef = 6E9C6CE12790185C00B0A7F0 /* GenericCodable.swift */; };
		6E9C6CE42790185C00B0A7F0 /* Generic.swift in Sources */ = {isa = PBXBuildFile; fileRef = 6E9C6CE22790185C00B0A7F0 /* Generic.swift */; };
		6E9C6CE827902D9E00B0A7F0 /* SearhResultCell.swift in Sources */ = {isa = PBXBuildFile; fileRef = 6E9C6CE627902D9E00B0A7F0 /* SearhResultCell.swift */; };
		6E9C6CE927902D9E00B0A7F0 /* SearhResultCell.xib in Resources */ = {isa = PBXBuildFile; fileRef = 6E9C6CE727902D9E00B0A7F0 /* SearhResultCell.xib */; };
		6E9C6CF027902EDE00B0A7F0 /* GCD.swift in Sources */ = {isa = PBXBuildFile; fileRef = 6E9C6CEF27902EDE00B0A7F0 /* GCD.swift */; };
		6E9C6CF427902F6900B0A7F0 /* UITableViewCell+Extentions.swift in Sources */ = {isa = PBXBuildFile; fileRef = 6E9C6CF327902F6900B0A7F0 /* UITableViewCell+Extentions.swift */; };
		6E9C6CFC279035B000B0A7F0 /* UIImageView+Extentions.swift in Sources */ = {isa = PBXBuildFile; fileRef = 6E9C6CFB279035B000B0A7F0 /* UIImageView+Extentions.swift */; };
		6E9C6D002790383B00B0A7F0 /* UIView+Extentions.swift in Sources */ = {isa = PBXBuildFile; fileRef = 6E9C6CFF2790383B00B0A7F0 /* UIView+Extentions.swift */; };
		6E9C6D042790417000B0A7F0 /* FollowingViewController.swift in Sources */ = {isa = PBXBuildFile; fileRef = 6E9C6D032790417000B0A7F0 /* FollowingViewController.swift */; };
		6E9C6D08279041B800B0A7F0 /* FollowDetails.storyboard in Resources */ = {isa = PBXBuildFile; fileRef = 6E9C6D07279041B800B0A7F0 /* FollowDetails.storyboard */; };
		6E9C6D0B279041E200B0A7F0 /* FollowDetailsViewModel.swift in Sources */ = {isa = PBXBuildFile; fileRef = 6E9C6D0A279041E200B0A7F0 /* FollowDetailsViewModel.swift */; };
		6E9C6D0E2790444600B0A7F0 /* SearchViewNavigator.swift in Sources */ = {isa = PBXBuildFile; fileRef = 6E9C6D0D2790444600B0A7F0 /* SearchViewNavigator.swift */; };
		6E9C6D1127904DD500B0A7F0 /* UIStoryboard+Extentions.swift in Sources */ = {isa = PBXBuildFile; fileRef = 6E9C6D1027904DD500B0A7F0 /* UIStoryboard+Extentions.swift */; };
		6E9C6D162790541800B0A7F0 /* FollowersViewController.swift in Sources */ = {isa = PBXBuildFile; fileRef = 6E9C6D152790541800B0A7F0 /* FollowersViewController.swift */; };
		6E9C6D1B279057D200B0A7F0 /* SkeletonView in Frameworks */ = {isa = PBXBuildFile; productRef = 6E9C6D1A279057D200B0A7F0 /* SkeletonView */; };
		6E9CFD5E2790966C009F28F6 /* UIScrollView_InfiniteScroll in Frameworks */ = {isa = PBXBuildFile; productRef = 6E9CFD5D2790966C009F28F6 /* UIScrollView_InfiniteScroll */; };
		6E9CFD6127909AED009F28F6 /* AlertType.swift in Sources */ = {isa = PBXBuildFile; fileRef = 6E9CFD6027909AED009F28F6 /* AlertType.swift */; };
		6E9CFD6427909C6D009F28F6 /* BaseViewModel.swift in Sources */ = {isa = PBXBuildFile; fileRef = 6E9CFD6327909C6D009F28F6 /* BaseViewModel.swift */; };
		6EF3B1A327906C2F000BC3D9 /* Profile.storyboard in Resources */ = {isa = PBXBuildFile; fileRef = 6EF3B1A227906C2F000BC3D9 /* Profile.storyboard */; };
		6EF3B1A627906C4B000BC3D9 /* ProfileViewController.swift in Sources */ = {isa = PBXBuildFile; fileRef = 6EF3B1A527906C4B000BC3D9 /* ProfileViewController.swift */; };
		6EF3B1A927906DF4000BC3D9 /* ProfileViewModel.swift in Sources */ = {isa = PBXBuildFile; fileRef = 6EF3B1A827906DF4000BC3D9 /* ProfileViewModel.swift */; };
		6EF3B1AC2790713B000BC3D9 /* FollowDetailsViewNavigator.swift in Sources */ = {isa = PBXBuildFile; fileRef = 6EF3B1AB2790713B000BC3D9 /* FollowDetailsViewNavigator.swift */; };
		6EF3B1B0279080D7000BC3D9 /* UserDetails.swift in Sources */ = {isa = PBXBuildFile; fileRef = 6EF3B1AF279080D7000BC3D9 /* UserDetails.swift */; };
		6EF3B1B527908A07000BC3D9 /* BaseViewController.swift in Sources */ = {isa = PBXBuildFile; fileRef = 6EF3B1B427908A07000BC3D9 /* BaseViewController.swift */; };
		6EF3B1B927908E73000BC3D9 /* SPTextField.swift in Sources */ = {isa = PBXBuildFile; fileRef = 6EF3B1B827908E73000BC3D9 /* SPTextField.swift */; };
/* End PBXBuildFile section */

/* Begin PBXFileReference section */
		6E9C6C982790075900B0A7F0 /* iOSDeveloperAssessment_Sagar.app */ = {isa = PBXFileReference; explicitFileType = wrapper.application; includeInIndex = 0; path = iOSDeveloperAssessment_Sagar.app; sourceTree = BUILT_PRODUCTS_DIR; };
		6E9C6C9D2790075900B0A7F0 /* SceneDelegate.swift */ = {isa = PBXFileReference; lastKnownFileType = sourcecode.swift; path = SceneDelegate.swift; sourceTree = "<group>"; };
		6E9C6CA22790075900B0A7F0 /* Base */ = {isa = PBXFileReference; lastKnownFileType = file.storyboard; name = Base; path = Base.lproj/Main.storyboard; sourceTree = "<group>"; };
		6E9C6CA72790075A00B0A7F0 /* Base */ = {isa = PBXFileReference; lastKnownFileType = file.storyboard; name = Base; path = Base.lproj/LaunchScreen.storyboard; sourceTree = "<group>"; };
		6E9C6CA92790075A00B0A7F0 /* Info.plist */ = {isa = PBXFileReference; lastKnownFileType = text.plist.xml; path = Info.plist; sourceTree = "<group>"; };
		6E9C6CB3279009CB00B0A7F0 /* AssessmentDelegate.swift */ = {isa = PBXFileReference; lastKnownFileType = sourcecode.swift; path = AssessmentDelegate.swift; sourceTree = "<group>"; };
		6E9C6CBB27900A2600B0A7F0 /* WebService.swift */ = {isa = PBXFileReference; lastKnownFileType = sourcecode.swift; path = WebService.swift; sourceTree = "<group>"; };
		6E9C6CBF27900A3300B0A7F0 /* APIRouter.swift */ = {isa = PBXFileReference; lastKnownFileType = sourcecode.swift; path = APIRouter.swift; sourceTree = "<group>"; };
		6E9C6CC427900EC300B0A7F0 /* Assets.xcassets */ = {isa = PBXFileReference; lastKnownFileType = folder.assetcatalog; path = Assets.xcassets; sourceTree = "<group>"; };
		6E9C6CC72790105400B0A7F0 /* APIRouter+Path.swift */ = {isa = PBXFileReference; lastKnownFileType = sourcecode.swift; path = "APIRouter+Path.swift"; sourceTree = "<group>"; };
		6E9C6CCA2790106D00B0A7F0 /* APIRouter+Extention.swift */ = {isa = PBXFileReference; lastKnownFileType = sourcecode.swift; path = "APIRouter+Extention.swift"; sourceTree = "<group>"; };
		6E9C6CD42790125E00B0A7F0 /* SearchViewModel.swift */ = {isa = PBXFileReference; lastKnownFileType = sourcecode.swift; path = SearchViewModel.swift; sourceTree = "<group>"; };
		6E9C6CD8279012C200B0A7F0 /* SearchViewController.swift */ = {isa = PBXFileReference; lastKnownFileType = sourcecode.swift; path = SearchViewController.swift; sourceTree = "<group>"; };
		6E9C6CDC2790164E00B0A7F0 /* SearchResult.swift */ = {isa = PBXFileReference; lastKnownFileType = sourcecode.swift; path = SearchResult.swift; sourceTree = "<group>"; };
		6E9C6CE12790185C00B0A7F0 /* GenericCodable.swift */ = {isa = PBXFileReference; fileEncoding = 4; lastKnownFileType = sourcecode.swift; path = GenericCodable.swift; sourceTree = "<group>"; };
		6E9C6CE22790185C00B0A7F0 /* Generic.swift */ = {isa = PBXFileReference; fileEncoding = 4; lastKnownFileType = sourcecode.swift; path = Generic.swift; sourceTree = "<group>"; };
		6E9C6CE627902D9E00B0A7F0 /* SearhResultCell.swift */ = {isa = PBXFileReference; lastKnownFileType = sourcecode.swift; path = SearhResultCell.swift; sourceTree = "<group>"; };
		6E9C6CE727902D9E00B0A7F0 /* SearhResultCell.xib */ = {isa = PBXFileReference; lastKnownFileType = file.xib; path = SearhResultCell.xib; sourceTree = "<group>"; };
		6E9C6CEF27902EDE00B0A7F0 /* GCD.swift */ = {isa = PBXFileReference; lastKnownFileType = sourcecode.swift; path = GCD.swift; sourceTree = "<group>"; };
		6E9C6CF327902F6900B0A7F0 /* UITableViewCell+Extentions.swift */ = {isa = PBXFileReference; lastKnownFileType = sourcecode.swift; path = "UITableViewCell+Extentions.swift"; sourceTree = "<group>"; };
		6E9C6CFB279035B000B0A7F0 /* UIImageView+Extentions.swift */ = {isa = PBXFileReference; lastKnownFileType = sourcecode.swift; path = "UIImageView+Extentions.swift"; sourceTree = "<group>"; };
		6E9C6CFF2790383B00B0A7F0 /* UIView+Extentions.swift */ = {isa = PBXFileReference; lastKnownFileType = sourcecode.swift; path = "UIView+Extentions.swift"; sourceTree = "<group>"; };
		6E9C6D032790417000B0A7F0 /* FollowingViewController.swift */ = {isa = PBXFileReference; lastKnownFileType = sourcecode.swift; path = FollowingViewController.swift; sourceTree = "<group>"; };
		6E9C6D07279041B800B0A7F0 /* FollowDetails.storyboard */ = {isa = PBXFileReference; lastKnownFileType = file.storyboard; path = FollowDetails.storyboard; sourceTree = "<group>"; };
		6E9C6D0A279041E200B0A7F0 /* FollowDetailsViewModel.swift */ = {isa = PBXFileReference; lastKnownFileType = sourcecode.swift; path = FollowDetailsViewModel.swift; sourceTree = "<group>"; };
		6E9C6D0D2790444600B0A7F0 /* SearchViewNavigator.swift */ = {isa = PBXFileReference; lastKnownFileType = sourcecode.swift; path = SearchViewNavigator.swift; sourceTree = "<group>"; };
		6E9C6D1027904DD500B0A7F0 /* UIStoryboard+Extentions.swift */ = {isa = PBXFileReference; lastKnownFileType = sourcecode.swift; path = "UIStoryboard+Extentions.swift"; sourceTree = "<group>"; };
		6E9C6D152790541800B0A7F0 /* FollowersViewController.swift */ = {isa = PBXFileReference; lastKnownFileType = sourcecode.swift; path = FollowersViewController.swift; sourceTree = "<group>"; };
		6E9CFD6027909AED009F28F6 /* AlertType.swift */ = {isa = PBXFileReference; lastKnownFileType = sourcecode.swift; path = AlertType.swift; sourceTree = "<group>"; };
		6E9CFD6327909C6D009F28F6 /* BaseViewModel.swift */ = {isa = PBXFileReference; lastKnownFileType = sourcecode.swift; path = BaseViewModel.swift; sourceTree = "<group>"; };
		6EF3B1A227906C2F000BC3D9 /* Profile.storyboard */ = {isa = PBXFileReference; lastKnownFileType = file.storyboard; path = Profile.storyboard; sourceTree = "<group>"; };
		6EF3B1A527906C4B000BC3D9 /* ProfileViewController.swift */ = {isa = PBXFileReference; lastKnownFileType = sourcecode.swift; path = ProfileViewController.swift; sourceTree = "<group>"; };
		6EF3B1A827906DF4000BC3D9 /* ProfileViewModel.swift */ = {isa = PBXFileReference; lastKnownFileType = sourcecode.swift; path = ProfileViewModel.swift; sourceTree = "<group>"; };
		6EF3B1AB2790713B000BC3D9 /* FollowDetailsViewNavigator.swift */ = {isa = PBXFileReference; lastKnownFileType = sourcecode.swift; path = FollowDetailsViewNavigator.swift; sourceTree = "<group>"; };
		6EF3B1AF279080D7000BC3D9 /* UserDetails.swift */ = {isa = PBXFileReference; lastKnownFileType = sourcecode.swift; path = UserDetails.swift; sourceTree = "<group>"; };
		6EF3B1B427908A07000BC3D9 /* BaseViewController.swift */ = {isa = PBXFileReference; lastKnownFileType = sourcecode.swift; path = BaseViewController.swift; sourceTree = "<group>"; };
		6EF3B1B827908E73000BC3D9 /* SPTextField.swift */ = {isa = PBXFileReference; lastKnownFileType = sourcecode.swift; path = SPTextField.swift; sourceTree = "<group>"; };
/* End PBXFileReference section */

/* Begin PBXFrameworksBuildPhase section */
		6E9C6C952790075800B0A7F0 /* Frameworks */ = {
			isa = PBXFrameworksBuildPhase;
			buildActionMask = 2147483647;
			files = (
				6E9C6D1B279057D200B0A7F0 /* SkeletonView in Frameworks */,
				6E9CFD5E2790966C009F28F6 /* UIScrollView_InfiniteScroll in Frameworks */,
			);
			runOnlyForDeploymentPostprocessing = 0;
		};
/* End PBXFrameworksBuildPhase section */

/* Begin PBXGroup section */
		6E9C6C8F2790075800B0A7F0 = {
			isa = PBXGroup;
			children = (
				6E9C6C9A2790075900B0A7F0 /* iOSDeveloperAssessment_Sagar */,
				6E9C6C992790075900B0A7F0 /* Products */,
			);
			sourceTree = "<group>";
		};
		6E9C6C992790075900B0A7F0 /* Products */ = {
			isa = PBXGroup;
			children = (
				6E9C6C982790075900B0A7F0 /* iOSDeveloperAssessment_Sagar.app */,
			);
			name = Products;
			sourceTree = "<group>";
		};
		6E9C6C9A2790075900B0A7F0 /* iOSDeveloperAssessment_Sagar */ = {
			isa = PBXGroup;
			children = (
				6EF3B1B3279089EA000BC3D9 /* Tools */,
				6E9C6CDF2790183A00B0A7F0 /* Common */,
				6E9C6CC227900AC200B0A7F0 /* Resources */,
				6E9C6CBA27900A0F00B0A7F0 /* Networking */,
				6E9C6CB9279009F800B0A7F0 /* Sceans */,
				6E9C6CB2279009A400B0A7F0 /* Application */,
				6E9C6CA62790075A00B0A7F0 /* LaunchScreen.storyboard */,
				6E9C6CA92790075A00B0A7F0 /* Info.plist */,
			);
			path = iOSDeveloperAssessment_Sagar;
			sourceTree = "<group>";
		};
		6E9C6CB2279009A400B0A7F0 /* Application */ = {
			isa = PBXGroup;
			children = (
				6E9C6C9D2790075900B0A7F0 /* SceneDelegate.swift */,
				6E9C6CB3279009CB00B0A7F0 /* AssessmentDelegate.swift */,
			);
			name = Application;
			sourceTree = "<group>";
		};
		6E9C6CB9279009F800B0A7F0 /* Sceans */ = {
			isa = PBXGroup;
			children = (
				6E9C6D1D2790675C00B0A7F0 /* Profile */,
				6E9C6D14279053FC00B0A7F0 /* Followers */,
				6E9C6D022790415700B0A7F0 /* Followings */,
				6E9C6CCE2790123600B0A7F0 /* Search */,
			);
			path = Sceans;
			sourceTree = "<group>";
		};
		6E9C6CBA27900A0F00B0A7F0 /* Networking */ = {
			isa = PBXGroup;
			children = (
				6E9C6CBB27900A2600B0A7F0 /* WebService.swift */,
				6E9C6CBF27900A3300B0A7F0 /* APIRouter.swift */,
				6E9C6CC72790105400B0A7F0 /* APIRouter+Path.swift */,
				6E9C6CCA2790106D00B0A7F0 /* APIRouter+Extention.swift */,
			);
			name = Networking;
			sourceTree = "<group>";
		};
		6E9C6CC227900AC200B0A7F0 /* Resources */ = {
			isa = PBXGroup;
			children = (
				6E9C6CA12790075900B0A7F0 /* Main.storyboard */,
				6E9C6CC427900EC300B0A7F0 /* Assets.xcassets */,
				6E9C6D07279041B800B0A7F0 /* FollowDetails.storyboard */,
				6EF3B1A227906C2F000BC3D9 /* Profile.storyboard */,
			);
			path = Resources;
			sourceTree = "<group>";
		};
		6E9C6CCE2790123600B0A7F0 /* Search */ = {
			isa = PBXGroup;
			children = (
				6E9C6CDB2790163E00B0A7F0 /* Models */,
				6E9C6CCF2790123F00B0A7F0 /* View */,
				6E9C6CD42790125E00B0A7F0 /* SearchViewModel.swift */,
				6E9C6CD8279012C200B0A7F0 /* SearchViewController.swift */,
				6E9C6D0D2790444600B0A7F0 /* SearchViewNavigator.swift */,
			);
			name = Search;
			sourceTree = "<group>";
		};
		6E9C6CCF2790123F00B0A7F0 /* View */ = {
			isa = PBXGroup;
			children = (
				6E9C6CE627902D9E00B0A7F0 /* SearhResultCell.swift */,
				6E9C6CE727902D9E00B0A7F0 /* SearhResultCell.xib */,
			);
			path = View;
			sourceTree = "<group>";
		};
		6E9C6CDB2790163E00B0A7F0 /* Models */ = {
			isa = PBXGroup;
			children = (
				6E9C6CDC2790164E00B0A7F0 /* SearchResult.swift */,
			);
			name = Models;
			sourceTree = "<group>";
		};
		6E9C6CDF2790183A00B0A7F0 /* Common */ = {
			isa = PBXGroup;
			children = (
				6E9C6CE02790185C00B0A7F0 /* Generic Codables */,
				6E9C6CEF27902EDE00B0A7F0 /* GCD.swift */,
				6E9CFD6027909AED009F28F6 /* AlertType.swift */,
				6E9CFD6327909C6D009F28F6 /* BaseViewModel.swift */,
			);
			name = Common;
			sourceTree = "<group>";
		};
		6E9C6CE02790185C00B0A7F0 /* Generic Codables */ = {
			isa = PBXGroup;
			children = (
				6E9C6CE12790185C00B0A7F0 /* GenericCodable.swift */,
				6E9C6CE22790185C00B0A7F0 /* Generic.swift */,
			);
			path = "Generic Codables";
			sourceTree = "<group>";
		};
		6E9C6CF227902F5600B0A7F0 /* Extentions */ = {
			isa = PBXGroup;
			children = (
				6E9C6CFA279035A100B0A7F0 /* UIKit */,
			);
			path = Extentions;
			sourceTree = "<group>";
		};
		6E9C6CFA279035A100B0A7F0 /* UIKit */ = {
			isa = PBXGroup;
			children = (
				6E9C6CF327902F6900B0A7F0 /* UITableViewCell+Extentions.swift */,
				6E9C6CFB279035B000B0A7F0 /* UIImageView+Extentions.swift */,
				6E9C6CFF2790383B00B0A7F0 /* UIView+Extentions.swift */,
				6E9C6D1027904DD500B0A7F0 /* UIStoryboard+Extentions.swift */,
			);
			path = UIKit;
			sourceTree = "<group>";
		};
		6E9C6D022790415700B0A7F0 /* Followings */ = {
			isa = PBXGroup;
			children = (
				6E9C6D032790417000B0A7F0 /* FollowingViewController.swift */,
				6E9C6D0A279041E200B0A7F0 /* FollowDetailsViewModel.swift */,
			);
			path = Followings;
			sourceTree = "<group>";
		};
		6E9C6D14279053FC00B0A7F0 /* Followers */ = {
			isa = PBXGroup;
			children = (
				6E9C6D152790541800B0A7F0 /* FollowersViewController.swift */,
				6EF3B1AB2790713B000BC3D9 /* FollowDetailsViewNavigator.swift */,
			);
			path = Followers;
			sourceTree = "<group>";
		};
		6E9C6D1D2790675C00B0A7F0 /* Profile */ = {
			isa = PBXGroup;
			children = (
				6EF3B1AE279080C9000BC3D9 /* Models */,
				6EF3B1A527906C4B000BC3D9 /* ProfileViewController.swift */,
				6EF3B1A827906DF4000BC3D9 /* ProfileViewModel.swift */,
			);
			path = Profile;
			sourceTree = "<group>";
		};
		6EF3B1AE279080C9000BC3D9 /* Models */ = {
			isa = PBXGroup;
			children = (
				6EF3B1AF279080D7000BC3D9 /* UserDetails.swift */,
			);
			path = Models;
			sourceTree = "<group>";
		};
		6EF3B1B3279089EA000BC3D9 /* Tools */ = {
			isa = PBXGroup;
			children = (
				6E9C6CF227902F5600B0A7F0 /* Extentions */,
				6EF3B1BB27908F1E000BC3D9 /* UIKit */,
			);
			path = Tools;
			sourceTree = "<group>";
		};
		6EF3B1BB27908F1E000BC3D9 /* UIKit */ = {
			isa = PBXGroup;
			children = (
				6EF3B1B827908E73000BC3D9 /* SPTextField.swift */,
				6EF3B1B427908A07000BC3D9 /* BaseViewController.swift */,
			);
			path = UIKit;
			sourceTree = "<group>";
		};
/* End PBXGroup section */

/* Begin PBXNativeTarget section */
		6E9C6C972790075800B0A7F0 /* iOSDeveloperAssessment_Sagar */ = {
			isa = PBXNativeTarget;
			buildConfigurationList = 6E9C6CAC2790075A00B0A7F0 /* Build configuration list for PBXNativeTarget "iOSDeveloperAssessment_Sagar" */;
			buildPhases = (
				6E9C6C942790075800B0A7F0 /* Sources */,
				6E9C6C952790075800B0A7F0 /* Frameworks */,
				6E9C6C962790075800B0A7F0 /* Resources */,
			);
			buildRules = (
			);
			dependencies = (
			);
			name = iOSDeveloperAssessment_Sagar;
			packageProductDependencies = (
				6E9C6D1A279057D200B0A7F0 /* SkeletonView */,
				6E9CFD5D2790966C009F28F6 /* UIScrollView_InfiniteScroll */,
			);
			productName = iOSDeveloperAssessment_Sagar;
			productReference = 6E9C6C982790075900B0A7F0 /* iOSDeveloperAssessment_Sagar.app */;
			productType = "com.apple.product-type.application";
		};
/* End PBXNativeTarget section */

/* Begin PBXProject section */
		6E9C6C902790075800B0A7F0 /* Project object */ = {
			isa = PBXProject;
			attributes = {
				LastSwiftUpdateCheck = 1240;
				LastUpgradeCheck = 1240;
				TargetAttributes = {
					6E9C6C972790075800B0A7F0 = {
						CreatedOnToolsVersion = 12.4;
					};
				};
			};
			buildConfigurationList = 6E9C6C932790075800B0A7F0 /* Build configuration list for PBXProject "iOSDeveloperAssessment_Sagar" */;
			compatibilityVersion = "Xcode 9.3";
			developmentRegion = en;
			hasScannedForEncodings = 0;
			knownRegions = (
				en,
				Base,
			);
			mainGroup = 6E9C6C8F2790075800B0A7F0;
			packageReferences = (
				6E9C6D19279057D200B0A7F0 /* XCRemoteSwiftPackageReference "SkeletonView" */,
				6E9CFD5C2790966C009F28F6 /* XCRemoteSwiftPackageReference "UIScrollView-InfiniteScroll" */,
			);
			productRefGroup = 6E9C6C992790075900B0A7F0 /* Products */;
			projectDirPath = "";
			projectRoot = "";
			targets = (
				6E9C6C972790075800B0A7F0 /* iOSDeveloperAssessment_Sagar */,
			);
		};
/* End PBXProject section */

/* Begin PBXResourcesBuildPhase section */
		6E9C6C962790075800B0A7F0 /* Resources */ = {
			isa = PBXResourcesBuildPhase;
			buildActionMask = 2147483647;
			files = (
				6EF3B1A327906C2F000BC3D9 /* Profile.storyboard in Resources */,
				6E9C6CA82790075A00B0A7F0 /* LaunchScreen.storyboard in Resources */,
				6E9C6CC527900EC300B0A7F0 /* Assets.xcassets in Resources */,
				6E9C6CE927902D9E00B0A7F0 /* SearhResultCell.xib in Resources */,
				6E9C6D08279041B800B0A7F0 /* FollowDetails.storyboard in Resources */,
				6E9C6CA32790075900B0A7F0 /* Main.storyboard in Resources */,
			);
			runOnlyForDeploymentPostprocessing = 0;
		};
/* End PBXResourcesBuildPhase section */

/* Begin PBXSourcesBuildPhase section */
		6E9C6C942790075800B0A7F0 /* Sources */ = {
			isa = PBXSourcesBuildPhase;
			buildActionMask = 2147483647;
			files = (
				6E9C6CCB2790106D00B0A7F0 /* APIRouter+Extention.swift in Sources */,
				6E9C6D042790417000B0A7F0 /* FollowingViewController.swift in Sources */,
				6E9C6CF027902EDE00B0A7F0 /* GCD.swift in Sources */,
				6E9C6D1127904DD500B0A7F0 /* UIStoryboard+Extentions.swift in Sources */,
				6EF3B1B0279080D7000BC3D9 /* UserDetails.swift in Sources */,
				6E9C6CDD2790164E00B0A7F0 /* SearchResult.swift in Sources */,
				6E9C6CE42790185C00B0A7F0 /* Generic.swift in Sources */,
				6EF3B1A627906C4B000BC3D9 /* ProfileViewController.swift in Sources */,
				6E9C6CD52790125E00B0A7F0 /* SearchViewModel.swift in Sources */,
				6E9C6CD9279012C200B0A7F0 /* SearchViewController.swift in Sources */,
				6E9C6CBC27900A2600B0A7F0 /* WebService.swift in Sources */,
				6E9C6D162790541800B0A7F0 /* FollowersViewController.swift in Sources */,
				6EF3B1B927908E73000BC3D9 /* SPTextField.swift in Sources */,
				6E9C6D002790383B00B0A7F0 /* UIView+Extentions.swift in Sources */,
				6EF3B1B527908A07000BC3D9 /* BaseViewController.swift in Sources */,
				6EF3B1AC2790713B000BC3D9 /* FollowDetailsViewNavigator.swift in Sources */,
				6E9C6CE827902D9E00B0A7F0 /* SearhResultCell.swift in Sources */,
				6E9C6D0E2790444600B0A7F0 /* SearchViewNavigator.swift in Sources */,
				6E9C6D0B279041E200B0A7F0 /* FollowDetailsViewModel.swift in Sources */,
				6EF3B1A927906DF4000BC3D9 /* ProfileViewModel.swift in Sources */,
				6E9CFD6127909AED009F28F6 /* AlertType.swift in Sources */,
				6E9C6CC027900A3300B0A7F0 /* APIRouter.swift in Sources */,
				6E9C6CFC279035B000B0A7F0 /* UIImageView+Extentions.swift in Sources */,
				6E9CFD6427909C6D009F28F6 /* BaseViewModel.swift in Sources */,
				6E9C6CB4279009CB00B0A7F0 /* AssessmentDelegate.swift in Sources */,
				6E9C6C9E2790075900B0A7F0 /* SceneDelegate.swift in Sources */,
				6E9C6CE32790185C00B0A7F0 /* GenericCodable.swift in Sources */,
				6E9C6CF427902F6900B0A7F0 /* UITableViewCell+Extentions.swift in Sources */,
				6E9C6CC82790105400B0A7F0 /* APIRouter+Path.swift in Sources */,
			);
			runOnlyForDeploymentPostprocessing = 0;
		};
/* End PBXSourcesBuildPhase section */

/* Begin PBXVariantGroup section */
		6E9C6CA12790075900B0A7F0 /* Main.storyboard */ = {
			isa = PBXVariantGroup;
			children = (
				6E9C6CA22790075900B0A7F0 /* Base */,
			);
			name = Main.storyboard;
			sourceTree = "<group>";
		};
		6E9C6CA62790075A00B0A7F0 /* LaunchScreen.storyboard */ = {
			isa = PBXVariantGroup;
			children = (
				6E9C6CA72790075A00B0A7F0 /* Base */,
			);
			name = LaunchScreen.storyboard;
			sourceTree = "<group>";
		};
/* End PBXVariantGroup section */

/* Begin XCBuildConfiguration section */
		6E9C6CAA2790075A00B0A7F0 /* Debug */ = {
			isa = XCBuildConfiguration;
			buildSettings = {
				ALWAYS_SEARCH_USER_PATHS = NO;
				CLANG_ANALYZER_NONNULL = YES;
				CLANG_ANALYZER_NUMBER_OBJECT_CONVERSION = YES_AGGRESSIVE;
				CLANG_CXX_LANGUAGE_STANDARD = "gnu++14";
				CLANG_CXX_LIBRARY = "libc++";
				CLANG_ENABLE_MODULES = YES;
				CLANG_ENABLE_OBJC_ARC = YES;
				CLANG_ENABLE_OBJC_WEAK = YES;
				CLANG_WARN_BLOCK_CAPTURE_AUTORELEASING = YES;
				CLANG_WARN_BOOL_CONVERSION = YES;
				CLANG_WARN_COMMA = YES;
				CLANG_WARN_CONSTANT_CONVERSION = YES;
				CLANG_WARN_DEPRECATED_OBJC_IMPLEMENTATIONS = YES;
				CLANG_WARN_DIRECT_OBJC_ISA_USAGE = YES_ERROR;
				CLANG_WARN_DOCUMENTATION_COMMENTS = YES;
				CLANG_WARN_EMPTY_BODY = YES;
				CLANG_WARN_ENUM_CONVERSION = YES;
				CLANG_WARN_INFINITE_RECURSION = YES;
				CLANG_WARN_INT_CONVERSION = YES;
				CLANG_WARN_NON_LITERAL_NULL_CONVERSION = YES;
				CLANG_WARN_OBJC_IMPLICIT_RETAIN_SELF = YES;
				CLANG_WARN_OBJC_LITERAL_CONVERSION = YES;
				CLANG_WARN_OBJC_ROOT_CLASS = YES_ERROR;
				CLANG_WARN_QUOTED_INCLUDE_IN_FRAMEWORK_HEADER = YES;
				CLANG_WARN_RANGE_LOOP_ANALYSIS = YES;
				CLANG_WARN_STRICT_PROTOTYPES = YES;
				CLANG_WARN_SUSPICIOUS_MOVE = YES;
				CLANG_WARN_UNGUARDED_AVAILABILITY = YES_AGGRESSIVE;
				CLANG_WARN_UNREACHABLE_CODE = YES;
				CLANG_WARN__DUPLICATE_METHOD_MATCH = YES;
				COPY_PHASE_STRIP = NO;
				DEBUG_INFORMATION_FORMAT = dwarf;
				ENABLE_STRICT_OBJC_MSGSEND = YES;
				ENABLE_TESTABILITY = YES;
				GCC_C_LANGUAGE_STANDARD = gnu11;
				GCC_DYNAMIC_NO_PIC = NO;
				GCC_NO_COMMON_BLOCKS = YES;
				GCC_OPTIMIZATION_LEVEL = 0;
				GCC_PREPROCESSOR_DEFINITIONS = (
					"DEBUG=1",
					"$(inherited)",
				);
				GCC_WARN_64_TO_32_BIT_CONVERSION = YES;
				GCC_WARN_ABOUT_RETURN_TYPE = YES_ERROR;
				GCC_WARN_UNDECLARED_SELECTOR = YES;
				GCC_WARN_UNINITIALIZED_AUTOS = YES_AGGRESSIVE;
				GCC_WARN_UNUSED_FUNCTION = YES;
				GCC_WARN_UNUSED_VARIABLE = YES;
				IPHONEOS_DEPLOYMENT_TARGET = 14.4;
				MTL_ENABLE_DEBUG_INFO = INCLUDE_SOURCE;
				MTL_FAST_MATH = YES;
				ONLY_ACTIVE_ARCH = YES;
				SDKROOT = iphoneos;
				SWIFT_ACTIVE_COMPILATION_CONDITIONS = DEBUG;
				SWIFT_OPTIMIZATION_LEVEL = "-Onone";
			};
			name = Debug;
		};
		6E9C6CAB2790075A00B0A7F0 /* Release */ = {
			isa = XCBuildConfiguration;
			buildSettings = {
				ALWAYS_SEARCH_USER_PATHS = NO;
				CLANG_ANALYZER_NONNULL = YES;
				CLANG_ANALYZER_NUMBER_OBJECT_CONVERSION = YES_AGGRESSIVE;
				CLANG_CXX_LANGUAGE_STANDARD = "gnu++14";
				CLANG_CXX_LIBRARY = "libc++";
				CLANG_ENABLE_MODULES = YES;
				CLANG_ENABLE_OBJC_ARC = YES;
				CLANG_ENABLE_OBJC_WEAK = YES;
				CLANG_WARN_BLOCK_CAPTURE_AUTORELEASING = YES;
				CLANG_WARN_BOOL_CONVERSION = YES;
				CLANG_WARN_COMMA = YES;
				CLANG_WARN_CONSTANT_CONVERSION = YES;
				CLANG_WARN_DEPRECATED_OBJC_IMPLEMENTATIONS = YES;
				CLANG_WARN_DIRECT_OBJC_ISA_USAGE = YES_ERROR;
				CLANG_WARN_DOCUMENTATION_COMMENTS = YES;
				CLANG_WARN_EMPTY_BODY = YES;
				CLANG_WARN_ENUM_CONVERSION = YES;
				CLANG_WARN_INFINITE_RECURSION = YES;
				CLANG_WARN_INT_CONVERSION = YES;
				CLANG_WARN_NON_LITERAL_NULL_CONVERSION = YES;
				CLANG_WARN_OBJC_IMPLICIT_RETAIN_SELF = YES;
				CLANG_WARN_OBJC_LITERAL_CONVERSION = YES;
				CLANG_WARN_OBJC_ROOT_CLASS = YES_ERROR;
				CLANG_WARN_QUOTED_INCLUDE_IN_FRAMEWORK_HEADER = YES;
				CLANG_WARN_RANGE_LOOP_ANALYSIS = YES;
				CLANG_WARN_STRICT_PROTOTYPES = YES;
				CLANG_WARN_SUSPICIOUS_MOVE = YES;
				CLANG_WARN_UNGUARDED_AVAILABILITY = YES_AGGRESSIVE;
				CLANG_WARN_UNREACHABLE_CODE = YES;
				CLANG_WARN__DUPLICATE_METHOD_MATCH = YES;
				COPY_PHASE_STRIP = NO;
				DEBUG_INFORMATION_FORMAT = "dwarf-with-dsym";
				ENABLE_NS_ASSERTIONS = NO;
				ENABLE_STRICT_OBJC_MSGSEND = YES;
				GCC_C_LANGUAGE_STANDARD = gnu11;
				GCC_NO_COMMON_BLOCKS = YES;
				GCC_WARN_64_TO_32_BIT_CONVERSION = YES;
				GCC_WARN_ABOUT_RETURN_TYPE = YES_ERROR;
				GCC_WARN_UNDECLARED_SELECTOR = YES;
				GCC_WARN_UNINITIALIZED_AUTOS = YES_AGGRESSIVE;
				GCC_WARN_UNUSED_FUNCTION = YES;
				GCC_WARN_UNUSED_VARIABLE = YES;
				IPHONEOS_DEPLOYMENT_TARGET = 14.4;
				MTL_ENABLE_DEBUG_INFO = NO;
				MTL_FAST_MATH = YES;
				SDKROOT = iphoneos;
				SWIFT_COMPILATION_MODE = wholemodule;
				SWIFT_OPTIMIZATION_LEVEL = "-O";
				VALIDATE_PRODUCT = YES;
			};
			name = Release;
		};
		6E9C6CAD2790075A00B0A7F0 /* Debug */ = {
			isa = XCBuildConfiguration;
			buildSettings = {
				ASSETCATALOG_COMPILER_APPICON_NAME = AppIcon;
				ASSETCATALOG_COMPILER_GLOBAL_ACCENT_COLOR_NAME = AccentColor;
				CODE_SIGN_STYLE = Automatic;
				INFOPLIST_FILE = iOSDeveloperAssessment_Sagar/Info.plist;
				LD_RUNPATH_SEARCH_PATHS = (
					"$(inherited)",
					"@executable_path/Frameworks",
				);
				PRODUCT_BUNDLE_IDENTIFIER = "Sagar.iOSDeveloperAssessment-Sagar";
				PRODUCT_NAME = "$(TARGET_NAME)";
				SWIFT_VERSION = 5.0;
				TARGETED_DEVICE_FAMILY = "1,2";
			};
			name = Debug;
		};
		6E9C6CAE2790075A00B0A7F0 /* Release */ = {
			isa = XCBuildConfiguration;
			buildSettings = {
				ASSETCATALOG_COMPILER_APPICON_NAME = AppIcon;
				ASSETCATALOG_COMPILER_GLOBAL_ACCENT_COLOR_NAME = AccentColor;
				CODE_SIGN_STYLE = Automatic;
				INFOPLIST_FILE = iOSDeveloperAssessment_Sagar/Info.plist;
				LD_RUNPATH_SEARCH_PATHS = (
					"$(inherited)",
					"@executable_path/Frameworks",
				);
				PRODUCT_BUNDLE_IDENTIFIER = "Sagar.iOSDeveloperAssessment-Sagar";
				PRODUCT_NAME = "$(TARGET_NAME)";
				SWIFT_VERSION = 5.0;
				TARGETED_DEVICE_FAMILY = "1,2";
			};
			name = Release;
		};
/* End XCBuildConfiguration section */

/* Begin XCConfigurationList section */
		6E9C6C932790075800B0A7F0 /* Build configuration list for PBXProject "iOSDeveloperAssessment_Sagar" */ = {
			isa = XCConfigurationList;
			buildConfigurations = (
				6E9C6CAA2790075A00B0A7F0 /* Debug */,
				6E9C6CAB2790075A00B0A7F0 /* Release */,
			);
			defaultConfigurationIsVisible = 0;
			defaultConfigurationName = Release;
		};
		6E9C6CAC2790075A00B0A7F0 /* Build configuration list for PBXNativeTarget "iOSDeveloperAssessment_Sagar" */ = {
			isa = XCConfigurationList;
			buildConfigurations = (
				6E9C6CAD2790075A00B0A7F0 /* Debug */,
				6E9C6CAE2790075A00B0A7F0 /* Release */,
			);
			defaultConfigurationIsVisible = 0;
			defaultConfigurationName = Release;
		};
/* End XCConfigurationList section */

/* Begin XCRemoteSwiftPackageReference section */
		6E9C6D19279057D200B0A7F0 /* XCRemoteSwiftPackageReference "SkeletonView" */ = {
			isa = XCRemoteSwiftPackageReference;
			repositoryURL = "https://github.com/Juanpe/SkeletonView.git";
			requirement = {
				kind = exactVersion;
				version = 1.29.0;
			};
		};
		6E9CFD5C2790966C009F28F6 /* XCRemoteSwiftPackageReference "UIScrollView-InfiniteScroll" */ = {
			isa = XCRemoteSwiftPackageReference;
			repositoryURL = "https://github.com/pronebird/UIScrollView-InfiniteScroll.git";
			requirement = {
				kind = exactVersion;
				version = 1.2.0;
			};
		};
/* End XCRemoteSwiftPackageReference section */

/* Begin XCSwiftPackageProductDependency section */
		6E9C6D1A279057D200B0A7F0 /* SkeletonView */ = {
			isa = XCSwiftPackageProductDependency;
			package = 6E9C6D19279057D200B0A7F0 /* XCRemoteSwiftPackageReference "SkeletonView" */;
			productName = SkeletonView;
		};
		6E9CFD5D2790966C009F28F6 /* UIScrollView_InfiniteScroll */ = {
			isa = XCSwiftPackageProductDependency;
			package = 6E9CFD5C2790966C009F28F6 /* XCRemoteSwiftPackageReference "UIScrollView-InfiniteScroll" */;
			productName = UIScrollView_InfiniteScroll;
		};
/* End XCSwiftPackageProductDependency section */
	};
	rootObject = 6E9C6C902790075800B0A7F0 /* Project object */;
}
