{
  "object": {
    "pins": [
      {
        "package": "SkeletonView",
        "repositoryURL": "https://github.com/Juanpe/SkeletonView.git",
        "state": {
          "branch": null,
          "revision": "106692fbfb997013ad75467da5b0051e8673eedb",
          "version": "1.29.0"
        }
      }
    ]
  },
  "version": 1
}
